<?xml version="1.0" encoding="UTF-8" standalone="yes" ?>
<CodeBlocks_project_file>
	<FileVersion major="1" minor="6" />
	<Project>
		<Option title="TrafficRacer" />
		<Option pch_mode="2" />
		<Option compiler="gcc" />
		<Build>
			<Target title="Debug">
				<Option output="bin/Debug/TrafficRacer" prefix_auto="1" extension_auto="1" />
				<Option object_output="obj/Debug/" />
				<Option type="1" />
				<Option compiler="gcc" />
				<Compiler>
					<Add option="-g" />
					<Add directory="include" />
				</Compiler>
			</Target>
			<Target title="Release">
				<Option output="bin/Release/TrafficRacer" prefix_auto="1" extension_auto="1" />
				<Option object_output="obj/Release/" />
				<Option type="1" />
				<Option compiler="gcc" />
				<Compiler>
					<Add option="-O2" />
					<Add directory="include" />
				</Compiler>
				<Linker>
					<Add option="-s" />
				</Linker>
			</Target>
		</Build>
		<Compiler>
			<Add option="-Wall" />
			<Add directory="include" />
		</Compiler>
		<Linker>
			<Add option="-lSDL2" />
		</Linker>
		<Unit filename="autres/images/down.bmp" />
		<Unit filename="autres/images/hello_world.bmp" />
		<Unit filename="autres/images/left.bmp" />
		<Unit filename="autres/images/press.bmp" />
		<Unit filename="autres/images/right.bmp" />
		<Unit filename="autres/images/stretch.bmp" />
		<Unit filename="autres/images/up.bmp" />
		<Unit filename="autres/images/x.bmp" />
		<Unit filename="autres/niveau1" />
		<Unit filename="include/Decor.hpp" />
		<Unit filename="include/Decor_gestionnaire.hpp" />
		<Unit filename="include/Joueur.hpp" />
		<Unit filename="include/Objet.hpp" />
		<Unit filename="include/Partie.hpp" />
		<Unit filename="include/Route.hpp" />
		<Unit filename="include/SDL_Tools.hpp" />
		<Unit filename="include/Timer.hpp" />
		<Unit filename="include/Voiture.hpp" />
		<Unit filename="include/Voiture_gestionnaire.hpp" />
		<Unit filename="include/Voiture_joueur.hpp" />
		<Unit filename="main.cpp" />
		<Unit filename="src/Decor.cpp" />
		<Unit filename="src/Decor_gestionnaire.cpp" />
		<Unit filename="src/Joueur.cpp" />
		<Unit filename="src/Objet.cpp" />
		<Unit filename="src/Partie.cpp" />
		<Unit filename="src/Route.cpp" />
		<Unit filename="src/SDL_Tools.cpp" />
		<Unit filename="src/Timer.cpp" />
		<Unit filename="src/Voiture.cpp" />
		<Unit filename="src/Voiture_gestionnaire.cpp" />
		<Unit filename="src/Voiture_joueur.cpp" />
		<Extensions>
			<envvars />
			<code_completion />
			<lib_finder disable_auto="1" />
			<debugger />
		</Extensions>
	</Project>
</CodeBlocks_project_file>
